
Microsoft Visual Studio Solution File, Format Version 12.00
# Visual Studio Version 17
VisualStudioVersion = 17.7.34003.232
MinimumVisualStudioVersion = 10.0.40219.1
Project("{FAE04EC0-301F-11D3-BF4B-00C04F79EFBC}") = "KeyappTestTask", "KeyappTestTask.csproj", "{67AB5723-9510-4667-BF93-44F9C652B406}"
EndProject
Global
	GlobalSection(SolutionConfigurationPlatforms) = preSolution
		Debug|Any CPU = Debug|Any CPU
		Release|Any CPU = Release|Any CPU
	EndGlobalSection
	GlobalSection(ProjectConfigurationPlatforms) = postSolution
		{67AB5723-9510-4667-BF93-44F9C652B406}.Debug|Any CPU.ActiveCfg = Debug|Any CPU
		{67AB5723-9510-4667-BF93-44F9C652B406}.Debug|Any CPU.Build.0 = Debug|Any CPU
		{67AB5723-9510-4667-BF93-44F9C652B406}.Release|Any CPU.ActiveCfg = Release|Any CPU
		{67AB5723-9510-4667-BF93-44F9C652B406}.Release|Any CPU.Build.0 = Release|Any CPU
	EndGlobalSection
	GlobalSection(SolutionProperties) = preSolution
		HideSolutionNode = FALSE
	EndGlobalSection
	GlobalSection(ExtensibilityGlobals) = postSolution
		SolutionGuid = {B5654EAF-56DD-432E-921E-E834DBE40D87}
	EndGlobalSection
EndGlobal
